
Microsoft Visual Studio Solution File, Format Version 12.00
# Visual Studio Version 17
VisualStudioVersion = 17.7.34009.444
MinimumVisualStudioVersion = 10.0.40219.1
Project("{FAE04EC0-301F-11D3-BF4B-00C04F79EFBC}") = "FillDataFromXL", "FillDataFromXL\FillDataFromXL.csproj", "{EAE6A485-0D1B-4D03-BAA3-B7A8F6591DF7}"
EndProject
Global
	GlobalSection(SolutionConfigurationPlatforms) = preSolution
		Debug|Any CPU = Debug|Any CPU
		Release|Any CPU = Release|Any CPU
	EndGlobalSection
	GlobalSection(ProjectConfigurationPlatforms) = postSolution
		{EAE6A485-0D1B-4D03-BAA3-B7A8F6591DF7}.Debug|Any CPU.ActiveCfg = Debug|Any CPU
		{EAE6A485-0D1B-4D03-BAA3-B7A8F6591DF7}.Debug|Any CPU.Build.0 = Debug|Any CPU
		{EAE6A485-0D1B-4D03-BAA3-B7A8F6591DF7}.Release|Any CPU.ActiveCfg = Release|Any CPU
		{EAE6A485-0D1B-4D03-BAA3-B7A8F6591DF7}.Release|Any CPU.Build.0 = Release|Any CPU
	EndGlobalSection
	GlobalSection(SolutionProperties) = preSolution
		HideSolutionNode = FALSE
	EndGlobalSection
	GlobalSection(ExtensibilityGlobals) = postSolution
		SolutionGuid = {D5040027-6E56-4926-B799-BCD37E60A25E}
	EndGlobalSection
EndGlobal
